
Microsoft Visual Studio Solution File, Format Version 12.00
# Visual Studio Version 16
VisualStudioVersion = 16.0.29009.5
MinimumVisualStudioVersion = 10.0.40219.1
Project("{FAE04EC0-301F-11D3-BF4B-00C04F79EFBC}") = "PatternsOfDesign", "PatternsOfDesign\PatternsOfDesign.csproj", "{3A0F0556-4EB8-41E6-A0E3-5BB0D14B455C}"
EndProject
Global
	GlobalSection(SolutionConfigurationPlatforms) = preSolution
		Debug|Any CPU = Debug|Any CPU
		Release|Any CPU = Release|Any CPU
	EndGlobalSection
	GlobalSection(ProjectConfigurationPlatforms) = postSolution
		{3A0F0556-4EB8-41E6-A0E3-5BB0D14B455C}.Debug|Any CPU.ActiveCfg = Debug|Any CPU
		{3A0F0556-4EB8-41E6-A0E3-5BB0D14B455C}.Debug|Any CPU.Build.0 = Debug|Any CPU
		{3A0F0556-4EB8-41E6-A0E3-5BB0D14B455C}.Release|Any CPU.ActiveCfg = Release|Any CPU
		{3A0F0556-4EB8-41E6-A0E3-5BB0D14B455C}.Release|Any CPU.Build.0 = Release|Any CPU
	EndGlobalSection
	GlobalSection(SolutionProperties) = preSolution
		HideSolutionNode = FALSE
	EndGlobalSection
	GlobalSection(ExtensibilityGlobals) = postSolution
		SolutionGuid = {AF05E7F1-ECD2-4CA6-BA3C-0193C048E13A}
	EndGlobalSection
EndGlobal
